
Microsoft Visual Studio Solution File, Format Version 12.00
# Visual Studio 15
VisualStudioVersion = 15.0.27428.2011
MinimumVisualStudioVersion = 10.0.40219.1
Project("{FAE04EC0-301F-11D3-BF4B-00C04F79EFBC}") = "IncreasePartitions", "IncreasePartitions\IncreasePartitions.csproj", "{D93E0D3C-DFD4-4FE2-AAB8-DFE7E39592F1}"
EndProject
Global
	GlobalSection(SolutionConfigurationPlatforms) = preSolution
		Debug|Any CPU = Debug|Any CPU
		Release|Any CPU = Release|Any CPU
	EndGlobalSection
	GlobalSection(ProjectConfigurationPlatforms) = postSolution
		{D93E0D3C-DFD4-4FE2-AAB8-DFE7E39592F1}.Debug|Any CPU.ActiveCfg = Debug|Any CPU
		{D93E0D3C-DFD4-4FE2-AAB8-DFE7E39592F1}.Debug|Any CPU.Build.0 = Debug|Any CPU
		{D93E0D3C-DFD4-4FE2-AAB8-DFE7E39592F1}.Release|Any CPU.ActiveCfg = Release|Any CPU
		{D93E0D3C-DFD4-4FE2-AAB8-DFE7E39592F1}.Release|Any CPU.Build.0 = Release|Any CPU
	EndGlobalSection
	GlobalSection(SolutionProperties) = preSolution
		HideSolutionNode = FALSE
	EndGlobalSection
	GlobalSection(ExtensibilityGlobals) = postSolution
		SolutionGuid = {E55D7CC1-81A6-41A3-89EF-E43D85BFEC4A}
	EndGlobalSection
EndGlobal
